
Microsoft Visual Studio Solution File, Format Version 12.00
# Visual Studio Version 17
VisualStudioVersion = 17.4.33205.214
MinimumVisualStudioVersion = 10.0.40219.1
Project("{9A19103F-16F7-4668-BE54-9A1E7A4F7556}") = "Book12", "Book12\Book12.csproj", "{6237373B-94F3-4018-BB7F-93FE94DFA349}"
EndProject
Project("{9A19103F-16F7-4668-BE54-9A1E7A4F7556}") = "Engine", "Engine\Engine.csproj", "{D52F2CDD-3FCF-4E7D-B56C-A7DFE743CA45}"
EndProject
Project("{2150E333-8FDC-42A3-9474-1A3956D46DE8}") = "Solution Items", "Solution Items", "{7E27796C-C275-477C-BBAF-E136FA6AF528}"
	ProjectSection(SolutionItems) = preProject
		LICENSE.txt = LICENSE.txt
		Book12\NOtes.txt = Book12\NOtes.txt
	EndProjectSection
EndProject
Global
	GlobalSection(SolutionConfigurationPlatforms) = preSolution
		Debug|Any CPU = Debug|Any CPU
		Release|Any CPU = Release|Any CPU
	EndGlobalSection
	GlobalSection(ProjectConfigurationPlatforms) = postSolution
		{6237373B-94F3-4018-BB7F-93FE94DFA349}.Debug|Any CPU.ActiveCfg = Debug|Any CPU
		{6237373B-94F3-4018-BB7F-93FE94DFA349}.Debug|Any CPU.Build.0 = Debug|Any CPU
		{6237373B-94F3-4018-BB7F-93FE94DFA349}.Release|Any CPU.ActiveCfg = Release|Any CPU
		{6237373B-94F3-4018-BB7F-93FE94DFA349}.Release|Any CPU.Build.0 = Release|Any CPU
		{D52F2CDD-3FCF-4E7D-B56C-A7DFE743CA45}.Debug|Any CPU.ActiveCfg = Debug|Any CPU
		{D52F2CDD-3FCF-4E7D-B56C-A7DFE743CA45}.Debug|Any CPU.Build.0 = Debug|Any CPU
		{D52F2CDD-3FCF-4E7D-B56C-A7DFE743CA45}.Release|Any CPU.ActiveCfg = Release|Any CPU
		{D52F2CDD-3FCF-4E7D-B56C-A7DFE743CA45}.Release|Any CPU.Build.0 = Release|Any CPU
	EndGlobalSection
	GlobalSection(SolutionProperties) = preSolution
		HideSolutionNode = FALSE
	EndGlobalSection
	GlobalSection(ExtensibilityGlobals) = postSolution
		SolutionGuid = {9CB0A37C-9331-4119-9B9E-88575F7A73DE}
	EndGlobalSection
EndGlobal
